// !$*UTF8*$!
{
	archiveVersion = 1;
	classes = {
	};
	objectVersion = 50;
	objects = {

/* Begin PBXBuildFile section */
		04B3B58D2529655200100AEA /* NotifyBattery WatchKit App.app in Embed Watch Content */ = {isa = PBXBuildFile; fileRef = 04B3B58C2529655200100AEA /* NotifyBattery WatchKit App.app */; settings = {ATTRIBUTES = (RemoveHeadersOnCopy, ); }; };
		04B3B5922529655300100AEA /* Assets.xcassets in Resources */ = {isa = PBXBuildFile; fileRef = 04B3B5912529655300100AEA /* Assets.xcassets */; };
		04B3B5992529655300100AEA /* NotifyBattery WatchKit Extension.appex in Embed App Extensions */ = {isa = PBXBuildFile; fileRef = 04B3B5982529655300100AEA /* NotifyBattery WatchKit Extension.appex */; settings = {ATTRIBUTES = (RemoveHeadersOnCopy, ); }; };
		04B3B59E2529655300100AEA /* NotifyBatteryApp.swift in Sources */ = {isa = PBXBuildFile; fileRef = 04B3B59D2529655300100AEA /* NotifyBatteryApp.swift */; };
		04B3B5A02529655300100AEA /* ContentView.swift in Sources */ = {isa = PBXBuildFile; fileRef = 04B3B59F2529655300100AEA /* ContentView.swift */; };
		04B3B5A22529655300100AEA /* NotificationController.swift in Sources */ = {isa = PBXBuildFile; fileRef = 04B3B5A12529655300100AEA /* NotificationController.swift */; };
		04B3B5A42529655300100AEA /* NotificationView.swift in Sources */ = {isa = PBXBuildFile; fileRef = 04B3B5A32529655300100AEA /* NotificationView.swift */; };
		04B3B5A62529655300100AEA /* ComplicationController.swift in Sources */ = {isa = PBXBuildFile; fileRef = 04B3B5A52529655300100AEA /* ComplicationController.swift */; };
		04B3B5A82529655400100AEA /* Assets.xcassets in Resources */ = {isa = PBXBuildFile; fileRef = 04B3B5A72529655400100AEA /* Assets.xcassets */; };
		04B3B5AB2529655400100AEA /* Preview Assets.xcassets in Resources */ = {isa = PBXBuildFile; fileRef = 04B3B5AA2529655400100AEA /* Preview Assets.xcassets */; };
/* End PBXBuildFile section */

/* Begin PBXContainerItemProxy section */
		04B3B58E2529655200100AEA /* PBXContainerItemProxy */ = {
			isa = PBXContainerItemProxy;
			containerPortal = 04B3B5822529655200100AEA /* Project object */;
			proxyType = 1;
			remoteGlobalIDString = 04B3B58B2529655200100AEA;
			remoteInfo = "NotifyBattery WatchKit App";
		};
		04B3B59A2529655300100AEA /* PBXContainerItemProxy */ = {
			isa = PBXContainerItemProxy;
			containerPortal = 04B3B5822529655200100AEA /* Project object */;
			proxyType = 1;
			remoteGlobalIDString = 04B3B5972529655300100AEA;
			remoteInfo = "NotifyBattery WatchKit Extension";
		};
/* End PBXContainerItemProxy section */

/* Begin PBXCopyFilesBuildPhase section */
		04B3B5B32529655400100AEA /* Embed App Extensions */ = {
			isa = PBXCopyFilesBuildPhase;
			buildActionMask = 2147483647;
			dstPath = "";
			dstSubfolderSpec = 13;
			files = (
				04B3B5992529655300100AEA /* NotifyBattery WatchKit Extension.appex in Embed App Extensions */,
			);
			name = "Embed App Extensions";
			runOnlyForDeploymentPostprocessing = 0;
		};
		04B3B5B72529655400100AEA /* Embed Watch Content */ = {
			isa = PBXCopyFilesBuildPhase;
			buildActionMask = 2147483647;
			dstPath = "$(CONTENTS_FOLDER_PATH)/Watch";
			dstSubfolderSpec = 16;
			files = (
				04B3B58D2529655200100AEA /* NotifyBattery WatchKit App.app in Embed Watch Content */,
			);
			name = "Embed Watch Content";
			runOnlyForDeploymentPostprocessing = 0;
		};
/* End PBXCopyFilesBuildPhase section */

/* Begin PBXFileReference section */
		04B3B5882529655200100AEA /* NotifyBattery.app */ = {isa = PBXFileReference; explicitFileType = wrapper.application; includeInIndex = 0; path = NotifyBattery.app; sourceTree = BUILT_PRODUCTS_DIR; };
		04B3B58C2529655200100AEA /* NotifyBattery WatchKit App.app */ = {isa = PBXFileReference; explicitFileType = wrapper.application; includeInIndex = 0; path = "NotifyBattery WatchKit App.app"; sourceTree = BUILT_PRODUCTS_DIR; };
		04B3B5912529655300100AEA /* Assets.xcassets */ = {isa = PBXFileReference; lastKnownFileType = folder.assetcatalog; path = Assets.xcassets; sourceTree = "<group>"; };
		04B3B5932529655300100AEA /* Info.plist */ = {isa = PBXFileReference; lastKnownFileType = text.plist.xml; path = Info.plist; sourceTree = "<group>"; };
		04B3B5982529655300100AEA /* NotifyBattery WatchKit Extension.appex */ = {isa = PBXFileReference; explicitFileType = "wrapper.app-extension"; includeInIndex = 0; path = "NotifyBattery WatchKit Extension.appex"; sourceTree = BUILT_PRODUCTS_DIR; };
		04B3B59D2529655300100AEA /* NotifyBatteryApp.swift */ = {isa = PBXFileReference; lastKnownFileType = sourcecode.swift; path = NotifyBatteryApp.swift; sourceTree = "<group>"; };
		04B3B59F2529655300100AEA /* ContentView.swift */ = {isa = PBXFileReference; lastKnownFileType = sourcecode.swift; path = ContentView.swift; sourceTree = "<group>"; };
		04B3B5A12529655300100AEA /* NotificationController.swift */ = {isa = PBXFileReference; lastKnownFileType = sourcecode.swift; path = NotificationController.swift; sourceTree = "<group>"; };
		04B3B5A32529655300100AEA /* NotificationView.swift */ = {isa = PBXFileReference; lastKnownFileType = sourcecode.swift; path = NotificationView.swift; sourceTree = "<group>"; };
		04B3B5A52529655300100AEA /* ComplicationController.swift */ = {isa = PBXFileReference; lastKnownFileType = sourcecode.swift; path = ComplicationController.swift; sourceTree = "<group>"; };
		04B3B5A72529655400100AEA /* Assets.xcassets */ = {isa = PBXFileReference; lastKnownFileType = folder.assetcatalog; path = Assets.xcassets; sourceTree = "<group>"; };
		04B3B5AA2529655400100AEA /* Preview Assets.xcassets */ = {isa = PBXFileReference; lastKnownFileType = folder.assetcatalog; path = "Preview Assets.xcassets"; sourceTree = "<group>"; };
		04B3B5AC2529655400100AEA /* Info.plist */ = {isa = PBXFileReference; lastKnownFileType = text.plist.xml; path = Info.plist; sourceTree = "<group>"; };
		04B3B5AD2529655400100AEA /* PushNotificationPayload.apns */ = {isa = PBXFileReference; lastKnownFileType = text; path = PushNotificationPayload.apns; sourceTree = "<group>"; };
/* End PBXFileReference section */

/* Begin PBXFrameworksBuildPhase section */
		04B3B5952529655300100AEA /* Frameworks */ = {
			isa = PBXFrameworksBuildPhase;
			buildActionMask = 2147483647;
			files = (
			);
			runOnlyForDeploymentPostprocessing = 0;
		};
/* End PBXFrameworksBuildPhase section */

/* Begin PBXGroup section */
		04B3B5812529655200100AEA = {
			isa = PBXGroup;
			children = (
				04B3B5902529655200100AEA /* NotifyBattery WatchKit App */,
				04B3B59C2529655300100AEA /* NotifyBattery WatchKit Extension */,
				04B3B5892529655200100AEA /* Products */,
			);
			sourceTree = "<group>";
		};
		04B3B5892529655200100AEA /* Products */ = {
			isa = PBXGroup;
			children = (
				04B3B5882529655200100AEA /* NotifyBattery.app */,
				04B3B58C2529655200100AEA /* NotifyBattery WatchKit App.app */,
				04B3B5982529655300100AEA /* NotifyBattery WatchKit Extension.appex */,
			);
			name = Products;
			sourceTree = "<group>";
		};
		04B3B5902529655200100AEA /* NotifyBattery WatchKit App */ = {
			isa = PBXGroup;
			children = (
				04B3B5912529655300100AEA /* Assets.xcassets */,
				04B3B5932529655300100AEA /* Info.plist */,
			);
			path = "NotifyBattery WatchKit App";
			sourceTree = "<group>";
		};
		04B3B59C2529655300100AEA /* NotifyBattery WatchKit Extension */ = {
			isa = PBXGroup;
			children = (
				04B3B59D2529655300100AEA /* NotifyBatteryApp.swift */,
				04B3B59F2529655300100AEA /* ContentView.swift */,
				04B3B5A12529655300100AEA /* NotificationController.swift */,
				04B3B5A32529655300100AEA /* NotificationView.swift */,
				04B3B5A52529655300100AEA /* ComplicationController.swift */,
				04B3B5A72529655400100AEA /* Assets.xcassets */,
				04B3B5AC2529655400100AEA /* Info.plist */,
				04B3B5AD2529655400100AEA /* PushNotificationPayload.apns */,
				04B3B5A92529655400100AEA /* Preview Content */,
			);
			path = "NotifyBattery WatchKit Extension";
			sourceTree = "<group>";
		};
		04B3B5A92529655400100AEA /* Preview Content */ = {
			isa = PBXGroup;
			children = (
				04B3B5AA2529655400100AEA /* Preview Assets.xcassets */,
			);
			path = "Preview Content";
			sourceTree = "<group>";
		};
/* End PBXGroup section */

/* Begin PBXNativeTarget section */
		04B3B5872529655200100AEA /* NotifyBattery */ = {
			isa = PBXNativeTarget;
			buildConfigurationList = 04B3B5B82529655400100AEA /* Build configuration list for PBXNativeTarget "NotifyBattery" */;
			buildPhases = (
				04B3B5862529655200100AEA /* Resources */,
				04B3B5B72529655400100AEA /* Embed Watch Content */,
			);
			buildRules = (
			);
			dependencies = (
				04B3B58F2529655200100AEA /* PBXTargetDependency */,
			);
			name = NotifyBattery;
			productName = NotifyBattery;
			productReference = 04B3B5882529655200100AEA /* NotifyBattery.app */;
			productType = "com.apple.product-type.application.watchapp2-container";
		};
		04B3B58B2529655200100AEA /* NotifyBattery WatchKit App */ = {
			isa = PBXNativeTarget;
			buildConfigurationList = 04B3B5B42529655400100AEA /* Build configuration list for PBXNativeTarget "NotifyBattery WatchKit App" */;
			buildPhases = (
				04B3B58A2529655200100AEA /* Resources */,
				04B3B5B32529655400100AEA /* Embed App Extensions */,
			);
			buildRules = (
			);
			dependencies = (
				04B3B59B2529655300100AEA /* PBXTargetDependency */,
			);
			name = "NotifyBattery WatchKit App";
			productName = "NotifyBattery WatchKit App";
			productReference = 04B3B58C2529655200100AEA /* NotifyBattery WatchKit App.app */;
			productType = "com.apple.product-type.application.watchapp2";
		};
		04B3B5972529655300100AEA /* NotifyBattery WatchKit Extension */ = {
			isa = PBXNativeTarget;
			buildConfigurationList = 04B3B5B02529655400100AEA /* Build configuration list for PBXNativeTarget "NotifyBattery WatchKit Extension" */;
			buildPhases = (
				04B3B5942529655300100AEA /* Sources */,
				04B3B5952529655300100AEA /* Frameworks */,
				04B3B5962529655300100AEA /* Resources */,
			);
			buildRules = (
			);
			dependencies = (
			);
			name = "NotifyBattery WatchKit Extension";
			productName = "NotifyBattery WatchKit Extension";
			productReference = 04B3B5982529655300100AEA /* NotifyBattery WatchKit Extension.appex */;
			productType = "com.apple.product-type.watchkit2-extension";
		};
/* End PBXNativeTarget section */

/* Begin PBXProject section */
		04B3B5822529655200100AEA /* Project object */ = {
			isa = PBXProject;
			attributes = {
				LastSwiftUpdateCheck = 1200;
				LastUpgradeCheck = 1200;
				TargetAttributes = {
					04B3B5872529655200100AEA = {
						CreatedOnToolsVersion = 12.0.1;
					};
					04B3B58B2529655200100AEA = {
						CreatedOnToolsVersion = 12.0.1;
					};
					04B3B5972529655300100AEA = {
						CreatedOnToolsVersion = 12.0.1;
					};
				};
			};
			buildConfigurationList = 04B3B5852529655200100AEA /* Build configuration list for PBXProject "NotifyBattery" */;
			compatibilityVersion = "Xcode 9.3";
			developmentRegion = en;
			hasScannedForEncodings = 0;
			knownRegions = (
				en,
				Base,
			);
			mainGroup = 04B3B5812529655200100AEA;
			productRefGroup = 04B3B5892529655200100AEA /* Products */;
			projectDirPath = "";
			projectRoot = "";
			targets = (
				04B3B5872529655200100AEA /* NotifyBattery */,
				04B3B58B2529655200100AEA /* NotifyBattery WatchKit App */,
				04B3B5972529655300100AEA /* NotifyBattery WatchKit Extension */,
			);
		};
/* End PBXProject section */

/* Begin PBXResourcesBuildPhase section */
		04B3B5862529655200100AEA /* Resources */ = {
			isa = PBXResourcesBuildPhase;
			buildActionMask = 2147483647;
			files = (
			);
			runOnlyForDeploymentPostprocessing = 0;
		};
		04B3B58A2529655200100AEA /* Resources */ = {
			isa = PBXResourcesBuildPhase;
			buildActionMask = 2147483647;
			files = (
				04B3B5922529655300100AEA /* Assets.xcassets in Resources */,
			);
			runOnlyForDeploymentPostprocessing = 0;
		};
		04B3B5962529655300100AEA /* Resources */ = {
			isa = PBXResourcesBuildPhase;
			buildActionMask = 2147483647;
			files = (
				04B3B5AB2529655400100AEA /* Preview Assets.xcassets in Resources */,
				04B3B5A82529655400100AEA /* Assets.xcassets in Resources */,
			);
			runOnlyForDeploymentPostprocessing = 0;
		};
/* End PBXResourcesBuildPhase section */

/* Begin PBXSourcesBuildPhase section */
		04B3B5942529655300100AEA /* Sources */ = {
			isa = PBXSourcesBuildPhase;
			buildActionMask = 2147483647;
			files = (
				04B3B5A22529655300100AEA /* NotificationController.swift in Sources */,
				04B3B5A02529655300100AEA /* ContentView.swift in Sources */,
				04B3B5A62529655300100AEA /* ComplicationController.swift in Sources */,
				04B3B59E2529655300100AEA /* NotifyBatteryApp.swift in Sources */,
				04B3B5A42529655300100AEA /* NotificationView.swift in Sources */,
			);
			runOnlyForDeploymentPostprocessing = 0;
		};
/* End PBXSourcesBuildPhase section */

/* Begin PBXTargetDependency section */
		04B3B58F2529655200100AEA /* PBXTargetDependency */ = {
			isa = PBXTargetDependency;
			target = 04B3B58B2529655200100AEA /* NotifyBattery WatchKit App */;
			targetProxy = 04B3B58E2529655200100AEA /* PBXContainerItemProxy */;
		};
		04B3B59B2529655300100AEA /* PBXTargetDependency */ = {
			isa = PBXTargetDependency;
			target = 04B3B5972529655300100AEA /* NotifyBattery WatchKit Extension */;
			targetProxy = 04B3B59A2529655300100AEA /* PBXContainerItemProxy */;
		};
/* End PBXTargetDependency section */

/* Begin XCBuildConfiguration section */
		04B3B5AE2529655400100AEA /* Debug */ = {
			isa = XCBuildConfiguration;
			buildSettings = {
				ALWAYS_SEARCH_USER_PATHS = NO;
				CLANG_ANALYZER_NONNULL = YES;
				CLANG_ANALYZER_NUMBER_OBJECT_CONVERSION = YES_AGGRESSIVE;
				CLANG_CXX_LANGUAGE_STANDARD = "gnu++14";
				CLANG_CXX_LIBRARY = "libc++";
				CLANG_ENABLE_MODULES = YES;
				CLANG_ENABLE_OBJC_ARC = YES;
				CLANG_ENABLE_OBJC_WEAK = YES;
				CLANG_WARN_BLOCK_CAPTURE_AUTORELEASING = YES;
				CLANG_WARN_BOOL_CONVERSION = YES;
				CLANG_WARN_COMMA = YES;
				CLANG_WARN_CONSTANT_CONVERSION = YES;
				CLANG_WARN_DEPRECATED_OBJC_IMPLEMENTATIONS = YES;
				CLANG_WARN_DIRECT_OBJC_ISA_USAGE = YES_ERROR;
				CLANG_WARN_DOCUMENTATION_COMMENTS = YES;
				CLANG_WARN_EMPTY_BODY = YES;
				CLANG_WARN_ENUM_CONVERSION = YES;
				CLANG_WARN_INFINITE_RECURSION = YES;
				CLANG_WARN_INT_CONVERSION = YES;
				CLANG_WARN_NON_LITERAL_NULL_CONVERSION = YES;
				CLANG_WARN_OBJC_IMPLICIT_RETAIN_SELF = YES;
				CLANG_WARN_OBJC_LITERAL_CONVERSION = YES;
				CLANG_WARN_OBJC_ROOT_CLASS = YES_ERROR;
				CLANG_WARN_QUOTED_INCLUDE_IN_FRAMEWORK_HEADER = YES;
				CLANG_WARN_RANGE_LOOP_ANALYSIS = YES;
				CLANG_WARN_STRICT_PROTOTYPES = YES;
				CLANG_WARN_SUSPICIOUS_MOVE = YES;
				CLANG_WARN_UNGUARDED_AVAILABILITY = YES_AGGRESSIVE;
				CLANG_WARN_UNREACHABLE_CODE = YES;
				CLANG_WARN__DUPLICATE_METHOD_MATCH = YES;
				COPY_PHASE_STRIP = NO;
				DEBUG_INFORMATION_FORMAT = dwarf;
				ENABLE_STRICT_OBJC_MSGSEND = YES;
				ENABLE_TESTABILITY = YES;
				GCC_C_LANGUAGE_STANDARD = gnu11;
				GCC_DYNAMIC_NO_PIC = NO;
				GCC_NO_COMMON_BLOCKS = YES;
				GCC_OPTIMIZATION_LEVEL = 0;
				GCC_PREPROCESSOR_DEFINITIONS = (
					"DEBUG=1",
					"$(inherited)",
				);
				GCC_WARN_64_TO_32_BIT_CONVERSION = YES;
				GCC_WARN_ABOUT_RETURN_TYPE = YES_ERROR;
				GCC_WARN_UNDECLARED_SELECTOR = YES;
				GCC_WARN_UNINITIALIZED_AUTOS = YES_AGGRESSIVE;
				GCC_WARN_UNUSED_FUNCTION = YES;
				GCC_WARN_UNUSED_VARIABLE = YES;
				MTL_ENABLE_DEBUG_INFO = INCLUDE_SOURCE;
				MTL_FAST_MATH = YES;
				ONLY_ACTIVE_ARCH = YES;
				SDKROOT = iphoneos;
				SWIFT_ACTIVE_COMPILATION_CONDITIONS = DEBUG;
				SWIFT_OPTIMIZATION_LEVEL = "-Onone";
			};
			name = Debug;
		};
		04B3B5AF2529655400100AEA /* Release */ = {
			isa = XCBuildConfiguration;
			buildSettings = {
				ALWAYS_SEARCH_USER_PATHS = NO;
				CLANG_ANALYZER_NONNULL = YES;
				CLANG_ANALYZER_NUMBER_OBJECT_CONVERSION = YES_AGGRESSIVE;
				CLANG_CXX_LANGUAGE_STANDARD = "gnu++14";
				CLANG_CXX_LIBRARY = "libc++";
				CLANG_ENABLE_MODULES = YES;
				CLANG_ENABLE_OBJC_ARC = YES;
				CLANG_ENABLE_OBJC_WEAK = YES;
				CLANG_WARN_BLOCK_CAPTURE_AUTORELEASING = YES;
				CLANG_WARN_BOOL_CONVERSION = YES;
				CLANG_WARN_COMMA = YES;
				CLANG_WARN_CONSTANT_CONVERSION = YES;
				CLANG_WARN_DEPRECATED_OBJC_IMPLEMENTATIONS = YES;
				CLANG_WARN_DIRECT_OBJC_ISA_USAGE = YES_ERROR;
				CLANG_WARN_DOCUMENTATION_COMMENTS = YES;
				CLANG_WARN_EMPTY_BODY = YES;
				CLANG_WARN_ENUM_CONVERSION = YES;
				CLANG_WARN_INFINITE_RECURSION = YES;
				CLANG_WARN_INT_CONVERSION = YES;
				CLANG_WARN_NON_LITERAL_NULL_CONVERSION = YES;
				CLANG_WARN_OBJC_IMPLICIT_RETAIN_SELF = YES;
				CLANG_WARN_OBJC_LITERAL_CONVERSION = YES;
				CLANG_WARN_OBJC_ROOT_CLASS = YES_ERROR;
				CLANG_WARN_QUOTED_INCLUDE_IN_FRAMEWORK_HEADER = YES;
				CLANG_WARN_RANGE_LOOP_ANALYSIS = YES;
				CLANG_WARN_STRICT_PROTOTYPES = YES;
				CLANG_WARN_SUSPICIOUS_MOVE = YES;
				CLANG_WARN_UNGUARDED_AVAILABILITY = YES_AGGRESSIVE;
				CLANG_WARN_UNREACHABLE_CODE = YES;
				CLANG_WARN__DUPLICATE_METHOD_MATCH = YES;
				COPY_PHASE_STRIP = NO;
				DEBUG_INFORMATION_FORMAT = "dwarf-with-dsym";
				ENABLE_NS_ASSERTIONS = NO;
				ENABLE_STRICT_OBJC_MSGSEND = YES;
				GCC_C_LANGUAGE_STANDARD = gnu11;
				GCC_NO_COMMON_BLOCKS = YES;
				GCC_WARN_64_TO_32_BIT_CONVERSION = YES;
				GCC_WARN_ABOUT_RETURN_TYPE = YES_ERROR;
				GCC_WARN_UNDECLARED_SELECTOR = YES;
				GCC_WARN_UNINITIALIZED_AUTOS = YES_AGGRESSIVE;
				GCC_WARN_UNUSED_FUNCTION = YES;
				GCC_WARN_UNUSED_VARIABLE = YES;
				MTL_ENABLE_DEBUG_INFO = NO;
				MTL_FAST_MATH = YES;
				SDKROOT = iphoneos;
				SWIFT_COMPILATION_MODE = wholemodule;
				SWIFT_OPTIMIZATION_LEVEL = "-O";
				VALIDATE_PRODUCT = YES;
			};
			name = Release;
		};
		04B3B5B12529655400100AEA /* Debug */ = {
			isa = XCBuildConfiguration;
			buildSettings = {
				ASSETCATALOG_COMPILER_COMPLICATION_NAME = Complication;
				CODE_SIGN_STYLE = Automatic;
				DEVELOPMENT_ASSET_PATHS = "\"NotifyBattery WatchKit Extension/Preview Content\"";
				DEVELOPMENT_TEAM = 479D88RPDD;
				ENABLE_PREVIEWS = YES;
				INFOPLIST_FILE = "NotifyBattery WatchKit Extension/Info.plist";
				LD_RUNPATH_SEARCH_PATHS = (
					"$(inherited)",
					"@executable_path/Frameworks",
					"@executable_path/../../Frameworks",
				);
				PRODUCT_BUNDLE_IDENTIFIER = com.yoshinobu.NotifyBattery.watchkitapp.watchkitextension;
				PRODUCT_NAME = "${TARGET_NAME}";
				SDKROOT = watchos;
				SKIP_INSTALL = YES;
				SWIFT_VERSION = 5.0;
				TARGETED_DEVICE_FAMILY = 4;
				WATCHOS_DEPLOYMENT_TARGET = 7.0;
			};
			name = Debug;
		};
		04B3B5B22529655400100AEA /* Release */ = {
			isa = XCBuildConfiguration;
			buildSettings = {
				ASSETCATALOG_COMPILER_COMPLICATION_NAME = Complication;
				CODE_SIGN_STYLE = Automatic;
				DEVELOPMENT_ASSET_PATHS = "\"NotifyBattery WatchKit Extension/Preview Content\"";
				DEVELOPMENT_TEAM = 479D88RPDD;
				ENABLE_PREVIEWS = YES;
				INFOPLIST_FILE = "NotifyBattery WatchKit Extension/Info.plist";
				LD_RUNPATH_SEARCH_PATHS = (
					"$(inherited)",
					"@executable_path/Frameworks",
					"@executable_path/../../Frameworks",
				);
				PRODUCT_BUNDLE_IDENTIFIER = com.yoshinobu.NotifyBattery.watchkitapp.watchkitextension;
				PRODUCT_NAME = "${TARGET_NAME}";
				SDKROOT = watchos;
				SKIP_INSTALL = YES;
				SWIFT_VERSION = 5.0;
				TARGETED_DEVICE_FAMILY = 4;
				WATCHOS_DEPLOYMENT_TARGET = 7.0;
			};
			name = Release;
		};
		04B3B5B52529655400100AEA /* Debug */ = {
			isa = XCBuildConfiguration;
			buildSettings = {
				ALWAYS_EMBED_SWIFT_STANDARD_LIBRARIES = YES;
				ASSETCATALOG_COMPILER_APPICON_NAME = AppIcon;
				ASSETCATALOG_COMPILER_GLOBAL_ACCENT_COLOR_NAME = AccentColor;
				CODE_SIGN_STYLE = Automatic;
				DEVELOPMENT_TEAM = 479D88RPDD;
				IBSC_MODULE = NotifyBattery_WatchKit_Extension;
				INFOPLIST_FILE = "NotifyBattery WatchKit App/Info.plist";
				PRODUCT_BUNDLE_IDENTIFIER = com.yoshinobu.NotifyBattery.watchkitapp;
				PRODUCT_NAME = "$(TARGET_NAME)";
				SDKROOT = watchos;
				SKIP_INSTALL = YES;
				SWIFT_VERSION = 5.0;
				TARGETED_DEVICE_FAMILY = 4;
				WATCHOS_DEPLOYMENT_TARGET = 7.0;
			};
			name = Debug;
		};
		04B3B5B62529655400100AEA /* Release */ = {
			isa = XCBuildConfiguration;
			buildSettings = {
				ALWAYS_EMBED_SWIFT_STANDARD_LIBRARIES = YES;
				ASSETCATALOG_COMPILER_APPICON_NAME = AppIcon;
				ASSETCATALOG_COMPILER_GLOBAL_ACCENT_COLOR_NAME = AccentColor;
				CODE_SIGN_STYLE = Automatic;
				DEVELOPMENT_TEAM = 479D88RPDD;
				IBSC_MODULE = NotifyBattery_WatchKit_Extension;
				INFOPLIST_FILE = "NotifyBattery WatchKit App/Info.plist";
				PRODUCT_BUNDLE_IDENTIFIER = com.yoshinobu.NotifyBattery.watchkitapp;
				PRODUCT_NAME = "$(TARGET_NAME)";
				SDKROOT = watchos;
				SKIP_INSTALL = YES;
				SWIFT_VERSION = 5.0;
				TARGETED_DEVICE_FAMILY = 4;
				WATCHOS_DEPLOYMENT_TARGET = 7.0;
			};
			name = Release;
		};
		04B3B5B92529655400100AEA /* Debug */ = {
			isa = XCBuildConfiguration;
			buildSettings = {
				CODE_SIGN_STYLE = Automatic;
				CURRENT_PROJECT_VERSION = 1;
				DEVELOPMENT_TEAM = 479D88RPDD;
				MARKETING_VERSION = 1.0;
				PRODUCT_BUNDLE_IDENTIFIER = com.yoshinobu.NotifyBattery;
				PRODUCT_NAME = "$(TARGET_NAME)";
				SWIFT_VERSION = 5.0;
			};
			name = Debug;
		};
		04B3B5BA2529655400100AEA /* Release */ = {
			isa = XCBuildConfiguration;
			buildSettings = {
				CODE_SIGN_STYLE = Automatic;
				CURRENT_PROJECT_VERSION = 1;
				DEVELOPMENT_TEAM = 479D88RPDD;
				MARKETING_VERSION = 1.0;
				PRODUCT_BUNDLE_IDENTIFIER = com.yoshinobu.NotifyBattery;
				PRODUCT_NAME = "$(TARGET_NAME)";
				SWIFT_VERSION = 5.0;
			};
			name = Release;
		};
/* End XCBuildConfiguration section */

/* Begin XCConfigurationList section */
		04B3B5852529655200100AEA /* Build configuration list for PBXProject "NotifyBattery" */ = {
			isa = XCConfigurationList;
			buildConfigurations = (
				04B3B5AE2529655400100AEA /* Debug */,
				04B3B5AF2529655400100AEA /* Release */,
			);
			defaultConfigurationIsVisible = 0;
			defaultConfigurationName = Release;
		};
		04B3B5B02529655400100AEA /* Build configuration list for PBXNativeTarget "NotifyBattery WatchKit Extension" */ = {
			isa = XCConfigurationList;
			buildConfigurations = (
				04B3B5B12529655400100AEA /* Debug */,
				04B3B5B22529655400100AEA /* Release */,
			);
			defaultConfigurationIsVisible = 0;
			defaultConfigurationName = Release;
		};
		04B3B5B42529655400100AEA /* Build configuration list for PBXNativeTarget "NotifyBattery WatchKit App" */ = {
			isa = XCConfigurationList;
			buildConfigurations = (
				04B3B5B52529655400100AEA /* Debug */,
				04B3B5B62529655400100AEA /* Release */,
			);
			defaultConfigurationIsVisible = 0;
			defaultConfigurationName = Release;
		};
		04B3B5B82529655400100AEA /* Build configuration list for PBXNativeTarget "NotifyBattery" */ = {
			isa = XCConfigurationList;
			buildConfigurations = (
				04B3B5B92529655400100AEA /* Debug */,
				04B3B5BA2529655400100AEA /* Release */,
			);
			defaultConfigurationIsVisible = 0;
			defaultConfigurationName = Release;
		};
/* End XCConfigurationList section */
	};
	rootObject = 04B3B5822529655200100AEA /* Project object */;
}
